
Microsoft Visual Studio Solution File, Format Version 12.00
# Visual Studio Version 17
VisualStudioVersion = 17.0.31903.59
MinimumVisualStudioVersion = 10.0.40219.1
Project("{2150E333-8FDC-42A3-9474-1A3956D46DE8}") = "src", "src", "{8BF61EED-C8D5-47EB-A11D-57048DB3A45C}"
EndProject
Project("{FAE04EC0-301F-11D3-BF4B-00C04F79EFBC}") = "MSOSync.Common", "src\MSOSync.Common\MSOSync.Common.csproj", "{80C5FE4A-990F-4017-8124-999854E07068}"
EndProject
Project("{FAE04EC0-301F-11D3-BF4B-00C04F79EFBC}") = "MSOSync.Configuration", "src\MSOSync.Configuration\MSOSync.Configuration.csproj", "{132E83A1-B554-41AB-9E44-6EFA2EF5EDD7}"
EndProject
Project("{FAE04EC0-301F-11D3-BF4B-00C04F79EFBC}") = "MSOSync.Persistence", "src\MSOSync.Persistence\MSOSync.Persistence.csproj", "{F5DD7FDD-9047-491D-A34F-89ED9A8E7716}"
EndProject
Project("{FAE04EC0-301F-11D3-BF4B-00C04F79EFBC}") = "MSOSync.Security", "src\MSOSync.Security\MSOSync.Security.csproj", "{4BD27634-2C59-4FAB-8C49-09F2E81736DB}"
EndProject
Project("{FAE04EC0-301F-11D3-BF4B-00C04F79EFBC}") = "MSOSync.Metadata", "src\MSOSync.Metadata\MSOSync.Metadata.csproj", "{1AECA99A-ABF1-48A4-BF38-7D77E73AD3CA}"
EndProject
Project("{FAE04EC0-301F-11D3-BF4B-00C04F79EFBC}") = "MSOSync.Trigger", "src\MSOSync.Trigger\MSOSync.Trigger.csproj", "{C061C5E4-0651-4818-AE77-81C562A4084B}"
EndProject
Project("{FAE04EC0-301F-11D3-BF4B-00C04F79EFBC}") = "MSOSync.Event", "src\MSOSync.Event\MSOSync.Event.csproj", "{55D0AB5C-2EED-4DE1-8983-8C6DA3ABDDE1}"
EndProject
Project("{FAE04EC0-301F-11D3-BF4B-00C04F79EFBC}") = "MSOSync.Routing", "src\MSOSync.Routing\MSOSync.Routing.csproj", "{DFA649C4-8370-42BE-979A-6E70BC091601}"
EndProject
Project("{FAE04EC0-301F-11D3-BF4B-00C04F79EFBC}") = "MSOSync.Node", "src\MSOSync.Node\MSOSync.Node.csproj", "{B4D37449-C5A3-4A56-A653-FDDDD3522D15}"
EndProject
Project("{FAE04EC0-301F-11D3-BF4B-00C04F79EFBC}") = "MSOSync.Channel", "src\MSOSync.Channel\MSOSync.Channel.csproj", "{DACA8E11-1313-4CA7-A255-6A0820F656B9}"
EndProject
Project("{FAE04EC0-301F-11D3-BF4B-00C04F79EFBC}") = "MSOSync.Batch", "src\MSOSync.Batch\MSOSync.Batch.csproj", "{668D1B96-B5B1-4B04-8766-C30EFEA4F573}"
EndProject
Project("{FAE04EC0-301F-11D3-BF4B-00C04F79EFBC}") = "MSOSync.Transport", "src\MSOSync.Transport\MSOSync.Transport.csproj", "{D2E96F43-B079-448A-B218-8AAACC755A4D}"
EndProject
Project("{FAE04EC0-301F-11D3-BF4B-00C04F79EFBC}") = "MSOSync.Engine", "src\MSOSync.Engine\MSOSync.Engine.csproj", "{AC82A591-877C-478A-8758-41771AF540BA}"
EndProject
Project("{FAE04EC0-301F-11D3-BF4B-00C04F79EFBC}") = "MSOSync.Scheduler", "src\MSOSync.Scheduler\MSOSync.Scheduler.csproj", "{42729A8B-2133-4BCF-B439-712F55D58794}"
EndProject
Project("{FAE04EC0-301F-11D3-BF4B-00C04F79EFBC}") = "MSOSync.Metrics", "src\MSOSync.Metrics\MSOSync.Metrics.csproj", "{AFF0D71A-9B79-4D2A-8E53-DC94B03EB07E}"
EndProject
Project("{FAE04EC0-301F-11D3-BF4B-00C04F79EFBC}") = "MSOSync.Topology", "src\MSOSync.Topology\MSOSync.Topology.csproj", "{D96900F1-EDD5-45CA-9D83-5130EFA7D26F}"
EndProject
Global
	GlobalSection(SolutionConfigurationPlatforms) = preSolution
		Debug|Any CPU = Debug|Any CPU
		Release|Any CPU = Release|Any CPU
	EndGlobalSection
	GlobalSection(SolutionProperties) = preSolution
		HideSolutionNode = FALSE
	EndGlobalSection
	GlobalSection(ProjectConfigurationPlatforms) = postSolution
		{80C5FE4A-990F-4017-8124-999854E07068}.Debug|Any CPU.ActiveCfg = Debug|Any CPU
		{80C5FE4A-990F-4017-8124-999854E07068}.Debug|Any CPU.Build.0 = Debug|Any CPU
		{80C5FE4A-990F-4017-8124-999854E07068}.Release|Any CPU.ActiveCfg = Release|Any CPU
		{80C5FE4A-990F-4017-8124-999854E07068}.Release|Any CPU.Build.0 = Release|Any CPU
		{132E83A1-B554-41AB-9E44-6EFA2EF5EDD7}.Debug|Any CPU.ActiveCfg = Debug|Any CPU
		{132E83A1-B554-41AB-9E44-6EFA2EF5EDD7}.Debug|Any CPU.Build.0 = Debug|Any CPU
		{132E83A1-B554-41AB-9E44-6EFA2EF5EDD7}.Release|Any CPU.ActiveCfg = Release|Any CPU
		{132E83A1-B554-41AB-9E44-6EFA2EF5EDD7}.Release|Any CPU.Build.0 = Release|Any CPU
		{F5DD7FDD-9047-491D-A34F-89ED9A8E7716}.Debug|Any CPU.ActiveCfg = Debug|Any CPU
		{F5DD7FDD-9047-491D-A34F-89ED9A8E7716}.Debug|Any CPU.Build.0 = Debug|Any CPU
		{F5DD7FDD-9047-491D-A34F-89ED9A8E7716}.Release|Any CPU.ActiveCfg = Release|Any CPU
		{F5DD7FDD-9047-491D-A34F-89ED9A8E7716}.Release|Any CPU.Build.0 = Release|Any CPU
		{4BD27634-2C59-4FAB-8C49-09F2E81736DB}.Debug|Any CPU.ActiveCfg = Debug|Any CPU
		{4BD27634-2C59-4FAB-8C49-09F2E81736DB}.Debug|Any CPU.Build.0 = Debug|Any CPU
		{4BD27634-2C59-4FAB-8C49-09F2E81736DB}.Release|Any CPU.ActiveCfg = Release|Any CPU
		{4BD27634-2C59-4FAB-8C49-09F2E81736DB}.Release|Any CPU.Build.0 = Release|Any CPU
		{1AECA99A-ABF1-48A4-BF38-7D77E73AD3CA}.Debug|Any CPU.ActiveCfg = Debug|Any CPU
		{1AECA99A-ABF1-48A4-BF38-7D77E73AD3CA}.Debug|Any CPU.Build.0 = Debug|Any CPU
		{1AECA99A-ABF1-48A4-BF38-7D77E73AD3CA}.Release|Any CPU.ActiveCfg = Release|Any CPU
		{1AECA99A-ABF1-48A4-BF38-7D77E73AD3CA}.Release|Any CPU.Build.0 = Release|Any CPU
		{C061C5E4-0651-4818-AE77-81C562A4084B}.Debug|Any CPU.ActiveCfg = Debug|Any CPU
		{C061C5E4-0651-4818-AE77-81C562A4084B}.Debug|Any CPU.Build.0 = Debug|Any CPU
		{C061C5E4-0651-4818-AE77-81C562A4084B}.Release|Any CPU.ActiveCfg = Release|Any CPU
		{C061C5E4-0651-4818-AE77-81C562A4084B}.Release|Any CPU.Build.0 = Release|Any CPU
		{55D0AB5C-2EED-4DE1-8983-8C6DA3ABDDE1}.Debug|Any CPU.ActiveCfg = Debug|Any CPU
		{55D0AB5C-2EED-4DE1-8983-8C6DA3ABDDE1}.Debug|Any CPU.Build.0 = Debug|Any CPU
		{55D0AB5C-2EED-4DE1-8983-8C6DA3ABDDE1}.Release|Any CPU.ActiveCfg = Release|Any CPU
		{55D0AB5C-2EED-4DE1-8983-8C6DA3ABDDE1}.Release|Any CPU.Build.0 = Release|Any CPU
		{DFA649C4-8370-42BE-979A-6E70BC091601}.Debug|Any CPU.ActiveCfg = Debug|Any CPU
		{DFA649C4-8370-42BE-979A-6E70BC091601}.Debug|Any CPU.Build.0 = Debug|Any CPU
		{DFA649C4-8370-42BE-979A-6E70BC091601}.Release|Any CPU.ActiveCfg = Release|Any CPU
		{DFA649C4-8370-42BE-979A-6E70BC091601}.Release|Any CPU.Build.0 = Release|Any CPU
		{B4D37449-C5A3-4A56-A653-FDDDD3522D15}.Debug|Any CPU.ActiveCfg = Debug|Any CPU
		{B4D37449-C5A3-4A56-A653-FDDDD3522D15}.Debug|Any CPU.Build.0 = Debug|Any CPU
		{B4D37449-C5A3-4A56-A653-FDDDD3522D15}.Release|Any CPU.ActiveCfg = Release|Any CPU
		{B4D37449-C5A3-4A56-A653-FDDDD3522D15}.Release|Any CPU.Build.0 = Release|Any CPU
		{DACA8E11-1313-4CA7-A255-6A0820F656B9}.Debug|Any CPU.ActiveCfg = Debug|Any CPU
		{DACA8E11-1313-4CA7-A255-6A0820F656B9}.Debug|Any CPU.Build.0 = Debug|Any CPU
		{DACA8E11-1313-4CA7-A255-6A0820F656B9}.Release|Any CPU.ActiveCfg = Release|Any CPU
		{DACA8E11-1313-4CA7-A255-6A0820F656B9}.Release|Any CPU.Build.0 = Release|Any CPU
		{668D1B96-B5B1-4B04-8766-C30EFEA4F573}.Debug|Any CPU.ActiveCfg = Debug|Any CPU
		{668D1B96-B5B1-4B04-8766-C30EFEA4F573}.Debug|Any CPU.Build.0 = Debug|Any CPU
		{668D1B96-B5B1-4B04-8766-C30EFEA4F573}.Release|Any CPU.ActiveCfg = Release|Any CPU
		{668D1B96-B5B1-4B04-8766-C30EFEA4F573}.Release|Any CPU.Build.0 = Release|Any CPU
		{D2E96F43-B079-448A-B218-8AAACC755A4D}.Debug|Any CPU.ActiveCfg = Debug|Any CPU
		{D2E96F43-B079-448A-B218-8AAACC755A4D}.Debug|Any CPU.Build.0 = Debug|Any CPU
		{D2E96F43-B079-448A-B218-8AAACC755A4D}.Release|Any CPU.ActiveCfg = Release|Any CPU
		{D2E96F43-B079-448A-B218-8AAACC755A4D}.Release|Any CPU.Build.0 = Release|Any CPU
		{AC82A591-877C-478A-8758-41771AF540BA}.Debug|Any CPU.ActiveCfg = Debug|Any CPU
		{AC82A591-877C-478A-8758-41771AF540BA}.Debug|Any CPU.Build.0 = Debug|Any CPU
		{AC82A591-877C-478A-8758-41771AF540BA}.Release|Any CPU.ActiveCfg = Release|Any CPU
		{AC82A591-877C-478A-8758-41771AF540BA}.Release|Any CPU.Build.0 = Release|Any CPU
		{42729A8B-2133-4BCF-B439-712F55D58794}.Debug|Any CPU.ActiveCfg = Debug|Any CPU
		{42729A8B-2133-4BCF-B439-712F55D58794}.Debug|Any CPU.Build.0 = Debug|Any CPU
		{42729A8B-2133-4BCF-B439-712F55D58794}.Release|Any CPU.ActiveCfg = Release|Any CPU
		{42729A8B-2133-4BCF-B439-712F55D58794}.Release|Any CPU.Build.0 = Release|Any CPU
		{AFF0D71A-9B79-4D2A-8E53-DC94B03EB07E}.Debug|Any CPU.ActiveCfg = Debug|Any CPU
		{AFF0D71A-9B79-4D2A-8E53-DC94B03EB07E}.Debug|Any CPU.Build.0 = Debug|Any CPU
		{AFF0D71A-9B79-4D2A-8E53-DC94B03EB07E}.Release|Any CPU.ActiveCfg = Release|Any CPU
		{AFF0D71A-9B79-4D2A-8E53-DC94B03EB07E}.Release|Any CPU.Build.0 = Release|Any CPU
		{D96900F1-EDD5-45CA-9D83-5130EFA7D26F}.Debug|Any CPU.ActiveCfg = Debug|Any CPU
		{D96900F1-EDD5-45CA-9D83-5130EFA7D26F}.Debug|Any CPU.Build.0 = Debug|Any CPU
		{D96900F1-EDD5-45CA-9D83-5130EFA7D26F}.Release|Any CPU.ActiveCfg = Release|Any CPU
		{D96900F1-EDD5-45CA-9D83-5130EFA7D26F}.Release|Any CPU.Build.0 = Release|Any CPU
	EndGlobalSection
	GlobalSection(NestedProjects) = preSolution
		{80C5FE4A-990F-4017-8124-999854E07068} = {8BF61EED-C8D5-47EB-A11D-57048DB3A45C}
		{132E83A1-B554-41AB-9E44-6EFA2EF5EDD7} = {8BF61EED-C8D5-47EB-A11D-57048DB3A45C}
		{F5DD7FDD-9047-491D-A34F-89ED9A8E7716} = {8BF61EED-C8D5-47EB-A11D-57048DB3A45C}
		{4BD27634-2C59-4FAB-8C49-09F2E81736DB} = {8BF61EED-C8D5-47EB-A11D-57048DB3A45C}
		{1AECA99A-ABF1-48A4-BF38-7D77E73AD3CA} = {8BF61EED-C8D5-47EB-A11D-57048DB3A45C}
		{C061C5E4-0651-4818-AE77-81C562A4084B} = {8BF61EED-C8D5-47EB-A11D-57048DB3A45C}
		{55D0AB5C-2EED-4DE1-8983-8C6DA3ABDDE1} = {8BF61EED-C8D5-47EB-A11D-57048DB3A45C}
		{DFA649C4-8370-42BE-979A-6E70BC091601} = {8BF61EED-C8D5-47EB-A11D-57048DB3A45C}
		{B4D37449-C5A3-4A56-A653-FDDDD3522D15} = {8BF61EED-C8D5-47EB-A11D-57048DB3A45C}
		{DACA8E11-1313-4CA7-A255-6A0820F656B9} = {8BF61EED-C8D5-47EB-A11D-57048DB3A45C}
		{668D1B96-B5B1-4B04-8766-C30EFEA4F573} = {8BF61EED-C8D5-47EB-A11D-57048DB3A45C}
		{D2E96F43-B079-448A-B218-8AAACC755A4D} = {8BF61EED-C8D5-47EB-A11D-57048DB3A45C}
		{AC82A591-877C-478A-8758-41771AF540BA} = {8BF61EED-C8D5-47EB-A11D-57048DB3A45C}
		{42729A8B-2133-4BCF-B439-712F55D58794} = {8BF61EED-C8D5-47EB-A11D-57048DB3A45C}
		{AFF0D71A-9B79-4D2A-8E53-DC94B03EB07E} = {8BF61EED-C8D5-47EB-A11D-57048DB3A45C}
		{D96900F1-EDD5-45CA-9D83-5130EFA7D26F} = {8BF61EED-C8D5-47EB-A11D-57048DB3A45C}
	EndGlobalSection
EndGlobal
